// !$*UTF8*$!
{
	archiveVersion = 1;
	classes = {
	};
	objectVersion = 46;
	objects = {

/* Begin PBXBuildFile section */
		5C0AF5C31E693C2600111035 /* AppDelegate.swift in Sources */ = {isa = PBXBuildFile; fileRef = 5C0AF5C21E693C2600111035 /* AppDelegate.swift */; };
		5C0AF5C51E693C2600111035 /* ViewController.swift in Sources */ = {isa = PBXBuildFile; fileRef = 5C0AF5C41E693C2600111035 /* ViewController.swift */; };
		5C0AF5C81E693C2600111035 /* Main.storyboard in Resources */ = {isa = PBXBuildFile; fileRef = 5C0AF5C61E693C2600111035 /* Main.storyboard */; };
		5C0AF5CA1E693C2600111035 /* Assets.xcassets in Resources */ = {isa = PBXBuildFile; fileRef = 5C0AF5C91E693C2600111035 /* Assets.xcassets */; };
		5C0AF5CD1E693C2600111035 /* LaunchScreen.storyboard in Resources */ = {isa = PBXBuildFile; fileRef = 5C0AF5CB1E693C2600111035 /* LaunchScreen.storyboard */; };
		5C0AF5FC1E693F8E00111035 /* MKAnnotationView+WebCache.m in Sources */ = {isa = PBXBuildFile; fileRef = 5C0AF5DC1E693F8E00111035 /* MKAnnotationView+WebCache.m */; };
		5C0AF5FD1E693F8E00111035 /* NSData+ImageContentType.m in Sources */ = {isa = PBXBuildFile; fileRef = 5C0AF5DE1E693F8E00111035 /* NSData+ImageContentType.m */; };
		5C0AF5FE1E693F8E00111035 /* SDImageCache.m in Sources */ = {isa = PBXBuildFile; fileRef = 5C0AF5E01E693F8E00111035 /* SDImageCache.m */; };
		5C0AF5FF1E693F8E00111035 /* SDWebImageCompat.m in Sources */ = {isa = PBXBuildFile; fileRef = 5C0AF5E21E693F8E00111035 /* SDWebImageCompat.m */; };
		5C0AF6001E693F8E00111035 /* SDWebImageDecoder.m in Sources */ = {isa = PBXBuildFile; fileRef = 5C0AF5E41E693F8E00111035 /* SDWebImageDecoder.m */; };
		5C0AF6011E693F8E00111035 /* SDWebImageDownloader.m in Sources */ = {isa = PBXBuildFile; fileRef = 5C0AF5E61E693F8E00111035 /* SDWebImageDownloader.m */; };
		5C0AF6021E693F8E00111035 /* SDWebImageDownloaderOperation.m in Sources */ = {isa = PBXBuildFile; fileRef = 5C0AF5E81E693F8E00111035 /* SDWebImageDownloaderOperation.m */; };
		5C0AF6031E693F8E00111035 /* SDWebImageManager.m in Sources */ = {isa = PBXBuildFile; fileRef = 5C0AF5EA1E693F8E00111035 /* SDWebImageManager.m */; };
		5C0AF6041E693F8E00111035 /* SDWebImagePrefetcher.m in Sources */ = {isa = PBXBuildFile; fileRef = 5C0AF5ED1E693F8E00111035 /* SDWebImagePrefetcher.m */; };
		5C0AF6051E693F8E00111035 /* UIButton+WebCache.m in Sources */ = {isa = PBXBuildFile; fileRef = 5C0AF5EF1E693F8E00111035 /* UIButton+WebCache.m */; };
		5C0AF6061E693F8E00111035 /* UIImage+GIF.m in Sources */ = {isa = PBXBuildFile; fileRef = 5C0AF5F11E693F8E00111035 /* UIImage+GIF.m */; };
		5C0AF6071E693F8E00111035 /* UIImage+MultiFormat.m in Sources */ = {isa = PBXBuildFile; fileRef = 5C0AF5F31E693F8E00111035 /* UIImage+MultiFormat.m */; };
		5C0AF6081E693F8E00111035 /* UIImage+WebP.m in Sources */ = {isa = PBXBuildFile; fileRef = 5C0AF5F51E693F8E00111035 /* UIImage+WebP.m */; };
		5C0AF6091E693F8E00111035 /* UIImageView+HighlightedWebCache.m in Sources */ = {isa = PBXBuildFile; fileRef = 5C0AF5F71E693F8E00111035 /* UIImageView+HighlightedWebCache.m */; };
		5C0AF60A1E693F8E00111035 /* UIImageView+WebCache.m in Sources */ = {isa = PBXBuildFile; fileRef = 5C0AF5F91E693F8E00111035 /* UIImageView+WebCache.m */; };
		5C0AF60B1E693F8E00111035 /* UIView+WebCacheOperation.m in Sources */ = {isa = PBXBuildFile; fileRef = 5C0AF5FB1E693F8E00111035 /* UIView+WebCacheOperation.m */; };
		5C0AF60D1E693F9F00111035 /* aViewController.swift in Sources */ = {isa = PBXBuildFile; fileRef = 5C0AF60C1E693F9F00111035 /* aViewController.swift */; };
		5C0AF60F1E693FAB00111035 /* bViewController.swift in Sources */ = {isa = PBXBuildFile; fileRef = 5C0AF60E1E693FAB00111035 /* bViewController.swift */; };
		5C0AF6111E693FC500111035 /* DataModel.swift in Sources */ = {isa = PBXBuildFile; fileRef = 5C0AF6101E693FC500111035 /* DataModel.swift */; };
/* End PBXBuildFile section */

/* Begin PBXFileReference section */
		5C0AF5BF1E693C2600111035 /* Lacamomille.app */ = {isa = PBXFileReference; explicitFileType = wrapper.application; includeInIndex = 0; path = Lacamomille.app; sourceTree = BUILT_PRODUCTS_DIR; };
		5C0AF5C21E693C2600111035 /* AppDelegate.swift */ = {isa = PBXFileReference; lastKnownFileType = sourcecode.swift; path = AppDelegate.swift; sourceTree = "<group>"; };
		5C0AF5C41E693C2600111035 /* ViewController.swift */ = {isa = PBXFileReference; lastKnownFileType = sourcecode.swift; path = ViewController.swift; sourceTree = "<group>"; };
		5C0AF5C71E693C2600111035 /* Base */ = {isa = PBXFileReference; lastKnownFileType = file.storyboard; name = Base; path = Base.lproj/Main.storyboard; sourceTree = "<group>"; };
		5C0AF5C91E693C2600111035 /* Assets.xcassets */ = {isa = PBXFileReference; lastKnownFileType = folder.assetcatalog; path = Assets.xcassets; sourceTree = "<group>"; };
		5C0AF5CC1E693C2600111035 /* Base */ = {isa = PBXFileReference; lastKnownFileType = file.storyboard; name = Base; path = Base.lproj/LaunchScreen.storyboard; sourceTree = "<group>"; };
		5C0AF5CE1E693C2600111035 /* Info.plist */ = {isa = PBXFileReference; lastKnownFileType = text.plist.xml; path = Info.plist; sourceTree = "<group>"; };
		5C0AF5DB1E693F8E00111035 /* MKAnnotationView+WebCache.h */ = {isa = PBXFileReference; fileEncoding = 4; lastKnownFileType = sourcecode.c.h; path = "MKAnnotationView+WebCache.h"; sourceTree = "<group>"; };
		5C0AF5DC1E693F8E00111035 /* MKAnnotationView+WebCache.m */ = {isa = PBXFileReference; fileEncoding = 4; lastKnownFileType = sourcecode.c.objc; path = "MKAnnotationView+WebCache.m"; sourceTree = "<group>"; };
		5C0AF5DD1E693F8E00111035 /* NSData+ImageContentType.h */ = {isa = PBXFileReference; fileEncoding = 4; lastKnownFileType = sourcecode.c.h; path = "NSData+ImageContentType.h"; sourceTree = "<group>"; };
		5C0AF5DE1E693F8E00111035 /* NSData+ImageContentType.m */ = {isa = PBXFileReference; fileEncoding = 4; lastKnownFileType = sourcecode.c.objc; path = "NSData+ImageContentType.m"; sourceTree = "<group>"; };
		5C0AF5DF1E693F8E00111035 /* SDImageCache.h */ = {isa = PBXFileReference; fileEncoding = 4; lastKnownFileType = sourcecode.c.h; path = SDImageCache.h; sourceTree = "<group>"; };
		5C0AF5E01E693F8E00111035 /* SDImageCache.m */ = {isa = PBXFileReference; fileEncoding = 4; lastKnownFileType = sourcecode.c.objc; path = SDImageCache.m; sourceTree = "<group>"; };
		5C0AF5E11E693F8E00111035 /* SDWebImageCompat.h */ = {isa = PBXFileReference; fileEncoding = 4; lastKnownFileType = sourcecode.c.h; path = SDWebImageCompat.h; sourceTree = "<group>"; };
		5C0AF5E21E693F8E00111035 /* SDWebImageCompat.m */ = {isa = PBXFileReference; fileEncoding = 4; lastKnownFileType = sourcecode.c.objc; path = SDWebImageCompat.m; sourceTree = "<group>"; };
		5C0AF5E31E693F8E00111035 /* SDWebImageDecoder.h */ = {isa = PBXFileReference; fileEncoding = 4; lastKnownFileType = sourcecode.c.h; path = SDWebImageDecoder.h; sourceTree = "<group>"; };
		5C0AF5E41E693F8E00111035 /* SDWebImageDecoder.m */ = {isa = PBXFileReference; fileEncoding = 4; lastKnownFileType = sourcecode.c.objc; path = SDWebImageDecoder.m; sourceTree = "<group>"; };
		5C0AF5E51E693F8E00111035 /* SDWebImageDownloader.h */ = {isa = PBXFileReference; fileEncoding = 4; lastKnownFileType = sourcecode.c.h; path = SDWebImageDownloader.h; sourceTree = "<group>"; };
		5C0AF5E61E693F8E00111035 /* SDWebImageDownloader.m */ = {isa = PBXFileReference; fileEncoding = 4; lastKnownFileType = sourcecode.c.objc; path = SDWebImageDownloader.m; sourceTree = "<group>"; };
		5C0AF5E71E693F8E00111035 /* SDWebImageDownloaderOperation.h */ = {isa = PBXFileReference; fileEncoding = 4; lastKnownFileType = sourcecode.c.h; path = SDWebImageDownloaderOperation.h; sourceTree = "<group>"; };
		5C0AF5E81E693F8E00111035 /* SDWebImageDownloaderOperation.m */ = {isa = PBXFileReference; fileEncoding = 4; lastKnownFileType = sourcecode.c.objc; path = SDWebImageDownloaderOperation.m; sourceTree = "<group>"; };
		5C0AF5E91E693F8E00111035 /* SDWebImageManager.h */ = {isa = PBXFileReference; fileEncoding = 4; lastKnownFileType = sourcecode.c.h; path = SDWebImageManager.h; sourceTree = "<group>"; };
		5C0AF5EA1E693F8E00111035 /* SDWebImageManager.m */ = {isa = PBXFileReference; fileEncoding = 4; lastKnownFileType = sourcecode.c.objc; path = SDWebImageManager.m; sourceTree = "<group>"; };
		5C0AF5EB1E693F8E00111035 /* SDWebImageOperation.h */ = {isa = PBXFileReference; fileEncoding = 4; lastKnownFileType = sourcecode.c.h; path = SDWebImageOperation.h; sourceTree = "<group>"; };
		5C0AF5EC1E693F8E00111035 /* SDWebImagePrefetcher.h */ = {isa = PBXFileReference; fileEncoding = 4; lastKnownFileType = sourcecode.c.h; path = SDWebImagePrefetcher.h; sourceTree = "<group>"; };
		5C0AF5ED1E693F8E00111035 /* SDWebImagePrefetcher.m */ = {isa = PBXFileReference; fileEncoding = 4; lastKnownFileType = sourcecode.c.objc; path = SDWebImagePrefetcher.m; sourceTree = "<group>"; };
		5C0AF5EE1E693F8E00111035 /* UIButton+WebCache.h */ = {isa = PBXFileReference; fileEncoding = 4; lastKnownFileType = sourcecode.c.h; path = "UIButton+WebCache.h"; sourceTree = "<group>"; };
		5C0AF5EF1E693F8E00111035 /* UIButton+WebCache.m */ = {isa = PBXFileReference; fileEncoding = 4; lastKnownFileType = sourcecode.c.objc; path = "UIButton+WebCache.m"; sourceTree = "<group>"; };
		5C0AF5F01E693F8E00111035 /* UIImage+GIF.h */ = {isa = PBXFileReference; fileEncoding = 4; lastKnownFileType = sourcecode.c.h; path = "UIImage+GIF.h"; sourceTree = "<group>"; };
		5C0AF5F11E693F8E00111035 /* UIImage+GIF.m */ = {isa = PBXFileReference; fileEncoding = 4; lastKnownFileType = sourcecode.c.objc; path = "UIImage+GIF.m"; sourceTree = "<group>"; };
		5C0AF5F21E693F8E00111035 /* UIImage+MultiFormat.h */ = {isa = PBXFileReference; fileEncoding = 4; lastKnownFileType = sourcecode.c.h; path = "UIImage+MultiFormat.h"; sourceTree = "<group>"; };
		5C0AF5F31E693F8E00111035 /* UIImage+MultiFormat.m */ = {isa = PBXFileReference; fileEncoding = 4; lastKnownFileType = sourcecode.c.objc; path = "UIImage+MultiFormat.m"; sourceTree = "<group>"; };
		5C0AF5F41E693F8E00111035 /* UIImage+WebP.h */ = {isa = PBXFileReference; fileEncoding = 4; lastKnownFileType = sourcecode.c.h; path = "UIImage+WebP.h"; sourceTree = "<group>"; };
		5C0AF5F51E693F8E00111035 /* UIImage+WebP.m */ = {isa = PBXFileReference; fileEncoding = 4; lastKnownFileType = sourcecode.c.objc; path = "UIImage+WebP.m"; sourceTree = "<group>"; };
		5C0AF5F61E693F8E00111035 /* UIImageView+HighlightedWebCache.h */ = {isa = PBXFileReference; fileEncoding = 4; lastKnownFileType = sourcecode.c.h; path = "UIImageView+HighlightedWebCache.h"; sourceTree = "<group>"; };
		5C0AF5F71E693F8E00111035 /* UIImageView+HighlightedWebCache.m */ = {isa = PBXFileReference; fileEncoding = 4; lastKnownFileType = sourcecode.c.objc; path = "UIImageView+HighlightedWebCache.m"; sourceTree = "<group>"; };
		5C0AF5F81E693F8E00111035 /* UIImageView+WebCache.h */ = {isa = PBXFileReference; fileEncoding = 4; lastKnownFileType = sourcecode.c.h; path = "UIImageView+WebCache.h"; sourceTree = "<group>"; };
		5C0AF5F91E693F8E00111035 /* UIImageView+WebCache.m */ = {isa = PBXFileReference; fileEncoding = 4; lastKnownFileType = sourcecode.c.objc; path = "UIImageView+WebCache.m"; sourceTree = "<group>"; };
		5C0AF5FA1E693F8E00111035 /* UIView+WebCacheOperation.h */ = {isa = PBXFileReference; fileEncoding = 4; lastKnownFileType = sourcecode.c.h; path = "UIView+WebCacheOperation.h"; sourceTree = "<group>"; };
		5C0AF5FB1E693F8E00111035 /* UIView+WebCacheOperation.m */ = {isa = PBXFileReference; fileEncoding = 4; lastKnownFileType = sourcecode.c.objc; path = "UIView+WebCacheOperation.m"; sourceTree = "<group>"; };
		5C0AF60C1E693F9F00111035 /* aViewController.swift */ = {isa = PBXFileReference; fileEncoding = 4; lastKnownFileType = sourcecode.swift; path = aViewController.swift; sourceTree = "<group>"; };
		5C0AF60E1E693FAB00111035 /* bViewController.swift */ = {isa = PBXFileReference; fileEncoding = 4; lastKnownFileType = sourcecode.swift; path = bViewController.swift; sourceTree = "<group>"; };
		5C0AF6101E693FC500111035 /* DataModel.swift */ = {isa = PBXFileReference; fileEncoding = 4; lastKnownFileType = sourcecode.swift; path = DataModel.swift; sourceTree = "<group>"; };
/* End PBXFileReference section */

/* Begin PBXFrameworksBuildPhase section */
		5C0AF5BC1E693C2600111035 /* Frameworks */ = {
			isa = PBXFrameworksBuildPhase;
			buildActionMask = 2147483647;
			files = (
			);
			runOnlyForDeploymentPostprocessing = 0;
		};
/* End PBXFrameworksBuildPhase section */

/* Begin PBXGroup section */
		5C0AF5B61E693C2600111035 = {
			isa = PBXGroup;
			children = (
				5C0AF5D71E693F4500111035 /* Controllers */,
				5C0AF5D81E693F4500111035 /* Third */,
				5C0AF5D91E693F4500111035 /* Views */,
				5C0AF5D41E693C4C00111035 /* Model */,
				5C0AF5C11E693C2600111035 /* Lacamomille */,
				5C0AF5C01E693C2600111035 /* Products */,
			);
			sourceTree = "<group>";
		};
		5C0AF5C01E693C2600111035 /* Products */ = {
			isa = PBXGroup;
			children = (
				5C0AF5BF1E693C2600111035 /* Lacamomille.app */,
			);
			name = Products;
			sourceTree = "<group>";
		};
		5C0AF5C11E693C2600111035 /* Lacamomille */ = {
			isa = PBXGroup;
			children = (
				5C0AF5C21E693C2600111035 /* AppDelegate.swift */,
				5C0AF5C41E693C2600111035 /* ViewController.swift */,
				5C0AF5C61E693C2600111035 /* Main.storyboard */,
				5C0AF5C91E693C2600111035 /* Assets.xcassets */,
				5C0AF5CB1E693C2600111035 /* LaunchScreen.storyboard */,
				5C0AF5CE1E693C2600111035 /* Info.plist */,
			);
			path = Lacamomille;
			sourceTree = "<group>";
		};
		5C0AF5D41E693C4C00111035 /* Model */ = {
			isa = PBXGroup;
			children = (
				5C0AF6101E693FC500111035 /* DataModel.swift */,
			);
			path = Model;
			sourceTree = "<group>";
		};
		5C0AF5D71E693F4500111035 /* Controllers */ = {
			isa = PBXGroup;
			children = (
				5C0AF60C1E693F9F00111035 /* aViewController.swift */,
			);
			path = Controllers;
			sourceTree = "<group>";
		};
		5C0AF5D81E693F4500111035 /* Third */ = {
			isa = PBXGroup;
			children = (
				5C0AF5DA1E693F8E00111035 /* SDWebImage */,
			);
			path = Third;
			sourceTree = "<group>";
		};
		5C0AF5D91E693F4500111035 /* Views */ = {
			isa = PBXGroup;
			children = (
				5C0AF60E1E693FAB00111035 /* bViewController.swift */,
			);
			path = Views;
			sourceTree = "<group>";
		};
		5C0AF5DA1E693F8E00111035 /* SDWebImage */ = {
			isa = PBXGroup;
			children = (
				5C0AF5DB1E693F8E00111035 /* MKAnnotationView+WebCache.h */,
				5C0AF5DC1E693F8E00111035 /* MKAnnotationView+WebCache.m */,
				5C0AF5DD1E693F8E00111035 /* NSData+ImageContentType.h */,
				5C0AF5DE1E693F8E00111035 /* NSData+ImageContentType.m */,
				5C0AF5DF1E693F8E00111035 /* SDImageCache.h */,
				5C0AF5E01E693F8E00111035 /* SDImageCache.m */,
				5C0AF5E11E693F8E00111035 /* SDWebImageCompat.h */,
				5C0AF5E21E693F8E00111035 /* SDWebImageCompat.m */,
				5C0AF5E31E693F8E00111035 /* SDWebImageDecoder.h */,
				5C0AF5E41E693F8E00111035 /* SDWebImageDecoder.m */,
				5C0AF5E51E693F8E00111035 /* SDWebImageDownloader.h */,
				5C0AF5E61E693F8E00111035 /* SDWebImageDownloader.m */,
				5C0AF5E71E693F8E00111035 /* SDWebImageDownloaderOperation.h */,
				5C0AF5E81E693F8E00111035 /* SDWebImageDownloaderOperation.m */,
				5C0AF5E91E693F8E00111035 /* SDWebImageManager.h */,
				5C0AF5EA1E693F8E00111035 /* SDWebImageManager.m */,
				5C0AF5EB1E693F8E00111035 /* SDWebImageOperation.h */,
				5C0AF5EC1E693F8E00111035 /* SDWebImagePrefetcher.h */,
				5C0AF5ED1E693F8E00111035 /* SDWebImagePrefetcher.m */,
				5C0AF5EE1E693F8E00111035 /* UIButton+WebCache.h */,
				5C0AF5EF1E693F8E00111035 /* UIButton+WebCache.m */,
				5C0AF5F01E693F8E00111035 /* UIImage+GIF.h */,
				5C0AF5F11E693F8E00111035 /* UIImage+GIF.m */,
				5C0AF5F21E693F8E00111035 /* UIImage+MultiFormat.h */,
				5C0AF5F31E693F8E00111035 /* UIImage+MultiFormat.m */,
				5C0AF5F41E693F8E00111035 /* UIImage+WebP.h */,
				5C0AF5F51E693F8E00111035 /* UIImage+WebP.m */,
				5C0AF5F61E693F8E00111035 /* UIImageView+HighlightedWebCache.h */,
				5C0AF5F71E693F8E00111035 /* UIImageView+HighlightedWebCache.m */,
				5C0AF5F81E693F8E00111035 /* UIImageView+WebCache.h */,
				5C0AF5F91E693F8E00111035 /* UIImageView+WebCache.m */,
				5C0AF5FA1E693F8E00111035 /* UIView+WebCacheOperation.h */,
				5C0AF5FB1E693F8E00111035 /* UIView+WebCacheOperation.m */,
			);
			path = SDWebImage;
			sourceTree = "<group>";
		};
/* End PBXGroup section */

/* Begin PBXNativeTarget section */
		5C0AF5BE1E693C2600111035 /* Lacamomille */ = {
			isa = PBXNativeTarget;
			buildConfigurationList = 5C0AF5D11E693C2600111035 /* Build configuration list for PBXNativeTarget "Lacamomille" */;
			buildPhases = (
				5C0AF5BB1E693C2600111035 /* Sources */,
				5C0AF5BC1E693C2600111035 /* Frameworks */,
				5C0AF5BD1E693C2600111035 /* Resources */,
			);
			buildRules = (
			);
			dependencies = (
			);
			name = Lacamomille;
			productName = Lacamomille;
			productReference = 5C0AF5BF1E693C2600111035 /* Lacamomille.app */;
			productType = "com.apple.product-type.application";
		};
/* End PBXNativeTarget section */

/* Begin PBXProject section */
		5C0AF5B71E693C2600111035 /* Project object */ = {
			isa = PBXProject;
			attributes = {
				LastSwiftUpdateCheck = 0820;
				LastUpgradeCheck = 0820;
				ORGANIZATIONNAME = Silicon.Zou;
				TargetAttributes = {
					5C0AF5BE1E693C2600111035 = {
						CreatedOnToolsVersion = 8.2.1;
						ProvisioningStyle = Automatic;
					};
				};
			};
			buildConfigurationList = 5C0AF5BA1E693C2600111035 /* Build configuration list for PBXProject "Lacamomille" */;
			compatibilityVersion = "Xcode 3.2";
			developmentRegion = English;
			hasScannedForEncodings = 0;
			knownRegions = (
				en,
				Base,
			);
			mainGroup = 5C0AF5B61E693C2600111035;
			productRefGroup = 5C0AF5C01E693C2600111035 /* Products */;
			projectDirPath = "";
			projectRoot = "";
			targets = (
				5C0AF5BE1E693C2600111035 /* Lacamomille */,
			);
		};
/* End PBXProject section */

/* Begin PBXResourcesBuildPhase section */
		5C0AF5BD1E693C2600111035 /* Resources */ = {
			isa = PBXResourcesBuildPhase;
			buildActionMask = 2147483647;
			files = (
				5C0AF5CD1E693C2600111035 /* LaunchScreen.storyboard in Resources */,
				5C0AF5CA1E693C2600111035 /* Assets.xcassets in Resources */,
				5C0AF5C81E693C2600111035 /* Main.storyboard in Resources */,
			);
			runOnlyForDeploymentPostprocessing = 0;
		};
/* End PBXResourcesBuildPhase section */

/* Begin PBXSourcesBuildPhase section */
		5C0AF5BB1E693C2600111035 /* Sources */ = {
			isa = PBXSourcesBuildPhase;
			buildActionMask = 2147483647;
			files = (
				5C0AF6061E693F8E00111035 /* UIImage+GIF.m in Sources */,
				5C0AF60F1E693FAB00111035 /* bViewController.swift in Sources */,
				5C0AF6011E693F8E00111035 /* SDWebImageDownloader.m in Sources */,
				5C0AF6091E693F8E00111035 /* UIImageView+HighlightedWebCache.m in Sources */,
				5C0AF6051E693F8E00111035 /* UIButton+WebCache.m in Sources */,
				5C0AF60D1E693F9F00111035 /* aViewController.swift in Sources */,
				5C0AF60A1E693F8E00111035 /* UIImageView+WebCache.m in Sources */,
				5C0AF6001E693F8E00111035 /* SDWebImageDecoder.m in Sources */,
				5C0AF5C51E693C2600111035 /* ViewController.swift in Sources */,
				5C0AF5FF1E693F8E00111035 /* SDWebImageCompat.m in Sources */,
				5C0AF5C31E693C2600111035 /* AppDelegate.swift in Sources */,
				5C0AF6081E693F8E00111035 /* UIImage+WebP.m in Sources */,
				5C0AF5FD1E693F8E00111035 /* NSData+ImageContentType.m in Sources */,
				5C0AF6021E693F8E00111035 /* SDWebImageDownloaderOperation.m in Sources */,
				5C0AF6111E693FC500111035 /* DataModel.swift in Sources */,
				5C0AF6031E693F8E00111035 /* SDWebImageManager.m in Sources */,
				5C0AF6071E693F8E00111035 /* UIImage+MultiFormat.m in Sources */,
				5C0AF6041E693F8E00111035 /* SDWebImagePrefetcher.m in Sources */,
				5C0AF5FC1E693F8E00111035 /* MKAnnotationView+WebCache.m in Sources */,
				5C0AF60B1E693F8E00111035 /* UIView+WebCacheOperation.m in Sources */,
				5C0AF5FE1E693F8E00111035 /* SDImageCache.m in Sources */,
			);
			runOnlyForDeploymentPostprocessing = 0;
		};
/* End PBXSourcesBuildPhase section */

/* Begin PBXVariantGroup section */
		5C0AF5C61E693C2600111035 /* Main.storyboard */ = {
			isa = PBXVariantGroup;
			children = (
				5C0AF5C71E693C2600111035 /* Base */,
			);
			name = Main.storyboard;
			sourceTree = "<group>";
		};
		5C0AF5CB1E693C2600111035 /* LaunchScreen.storyboard */ = {
			isa = PBXVariantGroup;
			children = (
				5C0AF5CC1E693C2600111035 /* Base */,
			);
			name = LaunchScreen.storyboard;
			sourceTree = "<group>";
		};
/* End PBXVariantGroup section */

/* Begin XCBuildConfiguration section */
		5C0AF5CF1E693C2600111035 /* Debug */ = {
			isa = XCBuildConfiguration;
			buildSettings = {
				ALWAYS_SEARCH_USER_PATHS = NO;
				CLANG_ANALYZER_NONNULL = YES;
				CLANG_CXX_LANGUAGE_STANDARD = "gnu++0x";
				CLANG_CXX_LIBRARY = "libc++";
				CLANG_ENABLE_MODULES = YES;
				CLANG_ENABLE_OBJC_ARC = YES;
				CLANG_WARN_BOOL_CONVERSION = YES;
				CLANG_WARN_CONSTANT_CONVERSION = YES;
				CLANG_WARN_DIRECT_OBJC_ISA_USAGE = YES_ERROR;
				CLANG_WARN_DOCUMENTATION_COMMENTS = YES;
				CLANG_WARN_EMPTY_BODY = YES;
				CLANG_WARN_ENUM_CONVERSION = YES;
				CLANG_WARN_INFINITE_RECURSION = YES;
				CLANG_WARN_INT_CONVERSION = YES;
				CLANG_WARN_OBJC_ROOT_CLASS = YES_ERROR;
				CLANG_WARN_SUSPICIOUS_MOVE = YES;
				CLANG_WARN_UNREACHABLE_CODE = YES;
				CLANG_WARN__DUPLICATE_METHOD_MATCH = YES;
				"CODE_SIGN_IDENTITY[sdk=iphoneos*]" = "iPhone Developer";
				COPY_PHASE_STRIP = NO;
				DEBUG_INFORMATION_FORMAT = dwarf;
				ENABLE_STRICT_OBJC_MSGSEND = YES;
				ENABLE_TESTABILITY = YES;
				GCC_C_LANGUAGE_STANDARD = gnu99;
				GCC_DYNAMIC_NO_PIC = NO;
				GCC_NO_COMMON_BLOCKS = YES;
				GCC_OPTIMIZATION_LEVEL = 0;
				GCC_PREPROCESSOR_DEFINITIONS = (
					"DEBUG=1",
					"$(inherited)",
				);
				GCC_WARN_64_TO_32_BIT_CONVERSION = YES;
				GCC_WARN_ABOUT_RETURN_TYPE = YES_ERROR;
				GCC_WARN_UNDECLARED_SELECTOR = YES;
				GCC_WARN_UNINITIALIZED_AUTOS = YES_AGGRESSIVE;
				GCC_WARN_UNUSED_FUNCTION = YES;
				GCC_WARN_UNUSED_VARIABLE = YES;
				IPHONEOS_DEPLOYMENT_TARGET = 10.2;
				MTL_ENABLE_DEBUG_INFO = YES;
				ONLY_ACTIVE_ARCH = YES;
				SDKROOT = iphoneos;
				SWIFT_ACTIVE_COMPILATION_CONDITIONS = DEBUG;
				SWIFT_OPTIMIZATION_LEVEL = "-Onone";
				TARGETED_DEVICE_FAMILY = "1,2";
			};
			name = Debug;
		};
		5C0AF5D01E693C2600111035 /* Release */ = {
			isa = XCBuildConfiguration;
			buildSettings = {
				ALWAYS_SEARCH_USER_PATHS = NO;
				CLANG_ANALYZER_NONNULL = YES;
				CLANG_CXX_LANGUAGE_STANDARD = "gnu++0x";
				CLANG_CXX_LIBRARY = "libc++";
				CLANG_ENABLE_MODULES = YES;
				CLANG_ENABLE_OBJC_ARC = YES;
				CLANG_WARN_BOOL_CONVERSION = YES;
				CLANG_WARN_CONSTANT_CONVERSION = YES;
				CLANG_WARN_DIRECT_OBJC_ISA_USAGE = YES_ERROR;
				CLANG_WARN_DOCUMENTATION_COMMENTS = YES;
				CLANG_WARN_EMPTY_BODY = YES;
				CLANG_WARN_ENUM_CONVERSION = YES;
				CLANG_WARN_INFINITE_RECURSION = YES;
				CLANG_WARN_INT_CONVERSION = YES;
				CLANG_WARN_OBJC_ROOT_CLASS = YES_ERROR;
				CLANG_WARN_SUSPICIOUS_MOVE = YES;
				CLANG_WARN_UNREACHABLE_CODE = YES;
				CLANG_WARN__DUPLICATE_METHOD_MATCH = YES;
				"CODE_SIGN_IDENTITY[sdk=iphoneos*]" = "iPhone Developer";
				COPY_PHASE_STRIP = NO;
				DEBUG_INFORMATION_FORMAT = "dwarf-with-dsym";
				ENABLE_NS_ASSERTIONS = NO;
				ENABLE_STRICT_OBJC_MSGSEND = YES;
				GCC_C_LANGUAGE_STANDARD = gnu99;
				GCC_NO_COMMON_BLOCKS = YES;
				GCC_WARN_64_TO_32_BIT_CONVERSION = YES;
				GCC_WARN_ABOUT_RETURN_TYPE = YES_ERROR;
				GCC_WARN_UNDECLARED_SELECTOR = YES;
				GCC_WARN_UNINITIALIZED_AUTOS = YES_AGGRESSIVE;
				GCC_WARN_UNUSED_FUNCTION = YES;
				GCC_WARN_UNUSED_VARIABLE = YES;
				IPHONEOS_DEPLOYMENT_TARGET = 10.2;
				MTL_ENABLE_DEBUG_INFO = NO;
				SDKROOT = iphoneos;
				SWIFT_OPTIMIZATION_LEVEL = "-Owholemodule";
				TARGETED_DEVICE_FAMILY = "1,2";
				VALIDATE_PRODUCT = YES;
			};
			name = Release;
		};
		5C0AF5D21E693C2600111035 /* Debug */ = {
			isa = XCBuildConfiguration;
			buildSettings = {
				ASSETCATALOG_COMPILER_APPICON_NAME = AppIcon;
				INFOPLIST_FILE = Lacamomille/Info.plist;
				LD_RUNPATH_SEARCH_PATHS = "$(inherited) @executable_path/Frameworks";
				PRODUCT_BUNDLE_IDENTIFIER = com.silicon.Lacamomille;
				PRODUCT_NAME = "$(TARGET_NAME)";
				SWIFT_VERSION = 3.0;
			};
			name = Debug;
		};
		5C0AF5D31E693C2600111035 /* Release */ = {
			isa = XCBuildConfiguration;
			buildSettings = {
				ASSETCATALOG_COMPILER_APPICON_NAME = AppIcon;
				INFOPLIST_FILE = Lacamomille/Info.plist;
				LD_RUNPATH_SEARCH_PATHS = "$(inherited) @executable_path/Frameworks";
				PRODUCT_BUNDLE_IDENTIFIER = com.silicon.Lacamomille;
				PRODUCT_NAME = "$(TARGET_NAME)";
				SWIFT_VERSION = 3.0;
			};
			name = Release;
		};
/* End XCBuildConfiguration section */

/* Begin XCConfigurationList section */
		5C0AF5BA1E693C2600111035 /* Build configuration list for PBXProject "Lacamomille" */ = {
			isa = XCConfigurationList;
			buildConfigurations = (
				5C0AF5CF1E693C2600111035 /* Debug */,
				5C0AF5D01E693C2600111035 /* Release */,
			);
			defaultConfigurationIsVisible = 0;
			defaultConfigurationName = Release;
		};
		5C0AF5D11E693C2600111035 /* Build configuration list for PBXNativeTarget "Lacamomille" */ = {
			isa = XCConfigurationList;
			buildConfigurations = (
				5C0AF5D21E693C2600111035 /* Debug */,
				5C0AF5D31E693C2600111035 /* Release */,
			);
			defaultConfigurationIsVisible = 0;
		};
/* End XCConfigurationList section */
	};
	rootObject = 5C0AF5B71E693C2600111035 /* Project object */;
}
